{
  "name": "zlinks-cc",
  "version": "2.0.0",
  "lockfileVersion": 3,
  "requires": true,
  "packages": [
    {
      "name": "zlinks-cc",
      "version": "2.0.0",
      "resolved": "https://registry.npmjs.org/zlinks-cc/-/zlinks-cc-2.0.0.tgz",
      "integrity": "sha512-8H9X8K8K8K8K8K8K8K8K8K8K8K8K8K8J8=",
      "dev": true,
      "license": "MIT"
    }
  ]
}
